{
  "nodes": {
    "home-manager": {
      "inputs": {
        "nixpkgs": [
          "nixpkgs"
        ]
      },
      "locked": {
        "lastModified": 1760500983,
        "narHash": "sha256-zfY4F4CpeUjTGgecIJZ+M7vFpwLc0Gm9epM/iMQd4w8=",
        "owner": "nix-community",
        "repo": "home-manager",
        "rev": "c53e65ec92f38d30e3c14f8d628ab55d462947aa",
        "type": "github"
      },
      "original": {
        "owner": "nix-community",
        "ref": "master",
        "repo": "home-manager",
        "type": "github"
      }
    },
    "maccel": {
      "locked": {
        "lastModified": 1757387438,
        "narHash": "sha256-H+D9fswlmEuZl58GJ2TACwr+Leoo5+KnfDQnqcAdFeA=",
        "owner": "Gnarus-G",
        "repo": "maccel",
        "rev": "43b624c72b04a62f55155b99c2ebe2f531abc1b9",
        "type": "github"
      },
      "original": {
        "owner": "Gnarus-G",
        "repo": "maccel",
        "type": "github"
      }
    },
    "nixpkgs": {
      "locked": {
        "lastModified": 1760524057,
        "narHash": "sha256-EVAqOteLBFmd7pKkb0+FIUyzTF61VKi7YmvP1tw4nEw=",
        "owner": "nixos",
        "repo": "nixpkgs",
        "rev": "544961dfcce86422ba200ed9a0b00dd4b1486ec5",
        "type": "github"
      },
      "original": {
        "owner": "nixos",
        "ref": "nixos-unstable",
        "repo": "nixpkgs",
        "type": "github"
      }
    },
    "plasma-manager": {
      "inputs": {
        "home-manager": [
          "home-manager"
        ],
        "nixpkgs": [
          "nixpkgs"
        ]
      },
      "locked": {
        "lastModified": 1759321049,
        "narHash": "sha256-8XkU4gIrLT2DJZWQyvsP5woXGZF5eE/7AnKfwQkiwYU=",
        "owner": "nix-community",
        "repo": "plasma-manager",
        "rev": "205dcfd4a30d4a5d1b4f28defee69daa7c7252cd",
        "type": "github"
      },
      "original": {
        "owner": "nix-community",
        "ref": "trunk",
        "repo": "plasma-manager",
        "type": "github"
      }
    },
    "root": {
      "inputs": {
        "home-manager": "home-manager",
        "maccel": "maccel",
        "nixpkgs": "nixpkgs",
        "plasma-manager": "plasma-manager"
      }
    }
  },
  "root": "root",
  "version": 7
}
